
Microsoft Visual Studio Solution File, Format Version 12.00
# Visual Studio Version 17
VisualStudioVersion = 17.8.34525.116
MinimumVisualStudioVersion = 10.0.40219.1
Project("{9A19103F-16F7-4668-BE54-9A1E7A4F7556}") = "BlazorBootcampWeb_Server", "BlazorBootcampWeb_Server\BlazorBootcampWeb_Server.csproj", "{375ADA2B-E453-4203-BB7C-8876FD5C2128}"
EndProject
Project("{FAE04EC0-301F-11D3-BF4B-00C04F79EFBC}") = "BlazorBootcampWeb_Client", "BlazorBootcampWeb_Client\BlazorBootcampWeb_Client.csproj", "{8059CC67-A34E-4796-A0AA-15D5FD8F9703}"
EndProject
Global
	GlobalSection(SolutionConfigurationPlatforms) = preSolution
		Debug|Any CPU = Debug|Any CPU
		Release|Any CPU = Release|Any CPU
	EndGlobalSection
	GlobalSection(ProjectConfigurationPlatforms) = postSolution
		{375ADA2B-E453-4203-BB7C-8876FD5C2128}.Debug|Any CPU.ActiveCfg = Debug|Any CPU
		{375ADA2B-E453-4203-BB7C-8876FD5C2128}.Debug|Any CPU.Build.0 = Debug|Any CPU
		{375ADA2B-E453-4203-BB7C-8876FD5C2128}.Release|Any CPU.ActiveCfg = Release|Any CPU
		{375ADA2B-E453-4203-BB7C-8876FD5C2128}.Release|Any CPU.Build.0 = Release|Any CPU
		{8059CC67-A34E-4796-A0AA-15D5FD8F9703}.Debug|Any CPU.ActiveCfg = Debug|Any CPU
		{8059CC67-A34E-4796-A0AA-15D5FD8F9703}.Debug|Any CPU.Build.0 = Debug|Any CPU
		{8059CC67-A34E-4796-A0AA-15D5FD8F9703}.Release|Any CPU.ActiveCfg = Release|Any CPU
		{8059CC67-A34E-4796-A0AA-15D5FD8F9703}.Release|Any CPU.Build.0 = Release|Any CPU
	EndGlobalSection
	GlobalSection(SolutionProperties) = preSolution
		HideSolutionNode = FALSE
	EndGlobalSection
	GlobalSection(ExtensibilityGlobals) = postSolution
		SolutionGuid = {B1A07FBC-CEA2-40CE-8278-B8F3CA313940}
	EndGlobalSection
EndGlobal
